// !$*UTF8*$!
{
	archiveVersion = 1;
	classes = {
	};
	objectVersion = 55;
	objects = {

/* Begin PBXBuildFile section */
		3F189B21272E03AF00286214 /* TestApp.swift in Sources */ = {isa = PBXBuildFile; fileRef = 3F189B20272E03AF00286214 /* TestApp.swift */; };
		3F189B23272E03AF00286214 /* ContentView.swift in Sources */ = {isa = PBXBuildFile; fileRef = 3F189B22272E03AF00286214 /* ContentView.swift */; };
		3F189B25272E03B300286214 /* Assets.xcassets in Resources */ = {isa = PBXBuildFile; fileRef = 3F189B24272E03B300286214 /* Assets.xcassets */; };
		3F189B28272E03B300286214 /* Preview Assets.xcassets in Resources */ = {isa = PBXBuildFile; fileRef = 3F189B27272E03B300286214 /* Preview Assets.xcassets */; };
		3F44859F2730D7C70001B234 /* WeatherButtonView.swift in Sources */ = {isa = PBXBuildFile; fileRef = 3F44859E2730D7C70001B234 /* WeatherButtonView.swift */; };
		3F49C312274F498B0071FBF0 /* WeekDayWeather.swift in Sources */ = {isa = PBXBuildFile; fileRef = 3F49C311274F498B0071FBF0 /* WeekDayWeather.swift */; };
		3F49C314274F4BBE0071FBF0 /* BackgroundView.swift in Sources */ = {isa = PBXBuildFile; fileRef = 3F49C313274F4BBE0071FBF0 /* BackgroundView.swift */; };
		3F49C316274F4C2C0071FBF0 /* CityView.swift in Sources */ = {isa = PBXBuildFile; fileRef = 3F49C315274F4C2C0071FBF0 /* CityView.swift */; };
		3F49C318274F4CBD0071FBF0 /* CurrentWeatherView.swift in Sources */ = {isa = PBXBuildFile; fileRef = 3F49C317274F4CBD0071FBF0 /* CurrentWeatherView.swift */; };
		3F56B5252763B98100B1C544 /* HourlyView.swift in Sources */ = {isa = PBXBuildFile; fileRef = 3F56B5242763B98100B1C544 /* HourlyView.swift */; };
		3F62CE492764218500977531 /* HourlyRowView.swift in Sources */ = {isa = PBXBuildFile; fileRef = 3F62CE482764218500977531 /* HourlyRowView.swift */; };
		3F62CE4B2764240F00977531 /* Functions.swift in Sources */ = {isa = PBXBuildFile; fileRef = 3F62CE4A2764240F00977531 /* Functions.swift */; };
		3F928E7F275C635A007B0EB7 /* DateStuff.swift in Sources */ = {isa = PBXBuildFile; fileRef = 3F928E7E275C635A007B0EB7 /* DateStuff.swift */; };
		3FB4CD7127508CEF002BB6D3 /* ContentViewModel.swift in Sources */ = {isa = PBXBuildFile; fileRef = 3FB4CD7027508CEF002BB6D3 /* ContentViewModel.swift */; };
		3FD739DC27357E4C0055938E /* Structs.swift in Sources */ = {isa = PBXBuildFile; fileRef = 3FD739DB27357E4C0055938E /* Structs.swift */; };
/* End PBXBuildFile section */

/* Begin PBXFileReference section */
		3F189B1D272E03AF00286214 /* Test.app */ = {isa = PBXFileReference; explicitFileType = wrapper.application; includeInIndex = 0; path = Test.app; sourceTree = BUILT_PRODUCTS_DIR; };
		3F189B20272E03AF00286214 /* TestApp.swift */ = {isa = PBXFileReference; lastKnownFileType = sourcecode.swift; path = TestApp.swift; sourceTree = "<group>"; };
		3F189B22272E03AF00286214 /* ContentView.swift */ = {isa = PBXFileReference; lastKnownFileType = sourcecode.swift; path = ContentView.swift; sourceTree = "<group>"; };
		3F189B24272E03B300286214 /* Assets.xcassets */ = {isa = PBXFileReference; lastKnownFileType = folder.assetcatalog; path = Assets.xcassets; sourceTree = "<group>"; };
		3F189B27272E03B300286214 /* Preview Assets.xcassets */ = {isa = PBXFileReference; lastKnownFileType = folder.assetcatalog; path = "Preview Assets.xcassets"; sourceTree = "<group>"; };
		3F189B2E272E041B00286214 /* Info.plist */ = {isa = PBXFileReference; lastKnownFileType = text.plist; path = Info.plist; sourceTree = "<group>"; };
		3F44859E2730D7C70001B234 /* WeatherButtonView.swift */ = {isa = PBXFileReference; lastKnownFileType = sourcecode.swift; path = WeatherButtonView.swift; sourceTree = "<group>"; };
		3F49C311274F498B0071FBF0 /* WeekDayWeather.swift */ = {isa = PBXFileReference; lastKnownFileType = sourcecode.swift; path = WeekDayWeather.swift; sourceTree = "<group>"; };
		3F49C313274F4BBE0071FBF0 /* BackgroundView.swift */ = {isa = PBXFileReference; lastKnownFileType = sourcecode.swift; path = BackgroundView.swift; sourceTree = "<group>"; };
		3F49C315274F4C2C0071FBF0 /* CityView.swift */ = {isa = PBXFileReference; lastKnownFileType = sourcecode.swift; path = CityView.swift; sourceTree = "<group>"; };
		3F49C317274F4CBD0071FBF0 /* CurrentWeatherView.swift */ = {isa = PBXFileReference; lastKnownFileType = sourcecode.swift; path = CurrentWeatherView.swift; sourceTree = "<group>"; };
		3F56B5242763B98100B1C544 /* HourlyView.swift */ = {isa = PBXFileReference; lastKnownFileType = sourcecode.swift; path = HourlyView.swift; sourceTree = "<group>"; };
		3F62CE482764218500977531 /* HourlyRowView.swift */ = {isa = PBXFileReference; lastKnownFileType = sourcecode.swift; path = HourlyRowView.swift; sourceTree = "<group>"; };
		3F62CE4A2764240F00977531 /* Functions.swift */ = {isa = PBXFileReference; lastKnownFileType = sourcecode.swift; path = Functions.swift; sourceTree = "<group>"; };
		3F928E7E275C635A007B0EB7 /* DateStuff.swift */ = {isa = PBXFileReference; lastKnownFileType = sourcecode.swift; path = DateStuff.swift; sourceTree = "<group>"; };
		3FB4CD7027508CEF002BB6D3 /* ContentViewModel.swift */ = {isa = PBXFileReference; lastKnownFileType = sourcecode.swift; path = ContentViewModel.swift; sourceTree = "<group>"; };
		3FD739DB27357E4C0055938E /* Structs.swift */ = {isa = PBXFileReference; lastKnownFileType = sourcecode.swift; path = Structs.swift; sourceTree = "<group>"; };
/* End PBXFileReference section */

/* Begin PBXFrameworksBuildPhase section */
		3F189B1A272E03AF00286214 /* Frameworks */ = {
			isa = PBXFrameworksBuildPhase;
			buildActionMask = 2147483647;
			files = (
			);
			runOnlyForDeploymentPostprocessing = 0;
		};
/* End PBXFrameworksBuildPhase section */

/* Begin PBXGroup section */
		3F189B14272E03AF00286214 = {
			isa = PBXGroup;
			children = (
				3F189B1F272E03AF00286214 /* Test */,
				3F189B1E272E03AF00286214 /* Products */,
			);
			sourceTree = "<group>";
		};
		3F189B1E272E03AF00286214 /* Products */ = {
			isa = PBXGroup;
			children = (
				3F189B1D272E03AF00286214 /* Test.app */,
			);
			name = Products;
			sourceTree = "<group>";
		};
		3F189B1F272E03AF00286214 /* Test */ = {
			isa = PBXGroup;
			children = (
				3F189B2E272E041B00286214 /* Info.plist */,
				3F189B20272E03AF00286214 /* TestApp.swift */,
				3F49C310274F495D0071FBF0 /* Model */,
				3F49C30E274F49350071FBF0 /* Views */,
				3F189B24272E03B300286214 /* Assets.xcassets */,
				3F189B26272E03B300286214 /* Preview Content */,
			);
			path = Test;
			sourceTree = "<group>";
		};
		3F189B26272E03B300286214 /* Preview Content */ = {
			isa = PBXGroup;
			children = (
				3F189B27272E03B300286214 /* Preview Assets.xcassets */,
			);
			path = "Preview Content";
			sourceTree = "<group>";
		};
		3F49C30E274F49350071FBF0 /* Views */ = {
			isa = PBXGroup;
			children = (
				3FB4CD6F27508CDB002BB6D3 /* ContentView */,
				3F49C317274F4CBD0071FBF0 /* CurrentWeatherView.swift */,
				3F49C315274F4C2C0071FBF0 /* CityView.swift */,
				3F49C313274F4BBE0071FBF0 /* BackgroundView.swift */,
				3F49C311274F498B0071FBF0 /* WeekDayWeather.swift */,
				3F44859E2730D7C70001B234 /* WeatherButtonView.swift */,
				3F56B5242763B98100B1C544 /* HourlyView.swift */,
				3F62CE482764218500977531 /* HourlyRowView.swift */,
			);
			path = Views;
			sourceTree = "<group>";
		};
		3F49C310274F495D0071FBF0 /* Model */ = {
			isa = PBXGroup;
			children = (
				3FD739DB27357E4C0055938E /* Structs.swift */,
				3F928E7E275C635A007B0EB7 /* DateStuff.swift */,
				3F62CE4A2764240F00977531 /* Functions.swift */,
			);
			path = Model;
			sourceTree = "<group>";
		};
		3FB4CD6F27508CDB002BB6D3 /* ContentView */ = {
			isa = PBXGroup;
			children = (
				3F189B22272E03AF00286214 /* ContentView.swift */,
				3FB4CD7027508CEF002BB6D3 /* ContentViewModel.swift */,
			);
			path = ContentView;
			sourceTree = "<group>";
		};
/* End PBXGroup section */

/* Begin PBXNativeTarget section */
		3F189B1C272E03AF00286214 /* Test */ = {
			isa = PBXNativeTarget;
			buildConfigurationList = 3F189B2B272E03B300286214 /* Build configuration list for PBXNativeTarget "Test" */;
			buildPhases = (
				3F189B19272E03AF00286214 /* Sources */,
				3F189B1A272E03AF00286214 /* Frameworks */,
				3F189B1B272E03AF00286214 /* Resources */,
			);
			buildRules = (
			);
			dependencies = (
			);
			name = Test;
			productName = Test;
			productReference = 3F189B1D272E03AF00286214 /* Test.app */;
			productType = "com.apple.product-type.application";
		};
/* End PBXNativeTarget section */

/* Begin PBXProject section */
		3F189B15272E03AF00286214 /* Project object */ = {
			isa = PBXProject;
			attributes = {
				BuildIndependentTargetsInParallel = 1;
				LastSwiftUpdateCheck = 1310;
				LastUpgradeCheck = 1310;
				TargetAttributes = {
					3F189B1C272E03AF00286214 = {
						CreatedOnToolsVersion = 13.1;
					};
				};
			};
			buildConfigurationList = 3F189B18272E03AF00286214 /* Build configuration list for PBXProject "Test" */;
			compatibilityVersion = "Xcode 13.0";
			developmentRegion = en;
			hasScannedForEncodings = 0;
			knownRegions = (
				en,
				Base,
			);
			mainGroup = 3F189B14272E03AF00286214;
			productRefGroup = 3F189B1E272E03AF00286214 /* Products */;
			projectDirPath = "";
			projectRoot = "";
			targets = (
				3F189B1C272E03AF00286214 /* Test */,
			);
		};
/* End PBXProject section */

/* Begin PBXResourcesBuildPhase section */
		3F189B1B272E03AF00286214 /* Resources */ = {
			isa = PBXResourcesBuildPhase;
			buildActionMask = 2147483647;
			files = (
				3F189B28272E03B300286214 /* Preview Assets.xcassets in Resources */,
				3F189B25272E03B300286214 /* Assets.xcassets in Resources */,
			);
			runOnlyForDeploymentPostprocessing = 0;
		};
/* End PBXResourcesBuildPhase section */

/* Begin PBXSourcesBuildPhase section */
		3F189B19272E03AF00286214 /* Sources */ = {
			isa = PBXSourcesBuildPhase;
			buildActionMask = 2147483647;
			files = (
				3F928E7F275C635A007B0EB7 /* DateStuff.swift in Sources */,
				3F49C314274F4BBE0071FBF0 /* BackgroundView.swift in Sources */,
				3F189B23272E03AF00286214 /* ContentView.swift in Sources */,
				3F189B21272E03AF00286214 /* TestApp.swift in Sources */,
				3F62CE492764218500977531 /* HourlyRowView.swift in Sources */,
				3F49C312274F498B0071FBF0 /* WeekDayWeather.swift in Sources */,
				3F49C316274F4C2C0071FBF0 /* CityView.swift in Sources */,
				3F62CE4B2764240F00977531 /* Functions.swift in Sources */,
				3F44859F2730D7C70001B234 /* WeatherButtonView.swift in Sources */,
				3F56B5252763B98100B1C544 /* HourlyView.swift in Sources */,
				3FB4CD7127508CEF002BB6D3 /* ContentViewModel.swift in Sources */,
				3F49C318274F4CBD0071FBF0 /* CurrentWeatherView.swift in Sources */,
				3FD739DC27357E4C0055938E /* Structs.swift in Sources */,
			);
			runOnlyForDeploymentPostprocessing = 0;
		};
/* End PBXSourcesBuildPhase section */

/* Begin XCBuildConfiguration section */
		3F189B29272E03B300286214 /* Debug */ = {
			isa = XCBuildConfiguration;
			buildSettings = {
				ALWAYS_SEARCH_USER_PATHS = NO;
				CLANG_ANALYZER_NONNULL = YES;
				CLANG_ANALYZER_NUMBER_OBJECT_CONVERSION = YES_AGGRESSIVE;
				CLANG_CXX_LANGUAGE_STANDARD = "gnu++17";
				CLANG_CXX_LIBRARY = "libc++";
				CLANG_ENABLE_MODULES = YES;
				CLANG_ENABLE_OBJC_ARC = YES;
				CLANG_ENABLE_OBJC_WEAK = YES;
				CLANG_WARN_BLOCK_CAPTURE_AUTORELEASING = YES;
				CLANG_WARN_BOOL_CONVERSION = YES;
				CLANG_WARN_COMMA = YES;
				CLANG_WARN_CONSTANT_CONVERSION = YES;
				CLANG_WARN_DEPRECATED_OBJC_IMPLEMENTATIONS = YES;
				CLANG_WARN_DIRECT_OBJC_ISA_USAGE = YES_ERROR;
				CLANG_WARN_DOCUMENTATION_COMMENTS = YES;
				CLANG_WARN_EMPTY_BODY = YES;
				CLANG_WARN_ENUM_CONVERSION = YES;
				CLANG_WARN_INFINITE_RECURSION = YES;
				CLANG_WARN_INT_CONVERSION = YES;
				CLANG_WARN_NON_LITERAL_NULL_CONVERSION = YES;
				CLANG_WARN_OBJC_IMPLICIT_RETAIN_SELF = YES;
				CLANG_WARN_OBJC_LITERAL_CONVERSION = YES;
				CLANG_WARN_OBJC_ROOT_CLASS = YES_ERROR;
				CLANG_WARN_QUOTED_INCLUDE_IN_FRAMEWORK_HEADER = YES;
				CLANG_WARN_RANGE_LOOP_ANALYSIS = YES;
				CLANG_WARN_STRICT_PROTOTYPES = YES;
				CLANG_WARN_SUSPICIOUS_MOVE = YES;
				CLANG_WARN_UNGUARDED_AVAILABILITY = YES_AGGRESSIVE;
				CLANG_WARN_UNREACHABLE_CODE = YES;
				CLANG_WARN__DUPLICATE_METHOD_MATCH = YES;
				COPY_PHASE_STRIP = NO;
				DEBUG_INFORMATION_FORMAT = dwarf;
				ENABLE_STRICT_OBJC_MSGSEND = YES;
				ENABLE_TESTABILITY = YES;
				GCC_C_LANGUAGE_STANDARD = gnu11;
				GCC_DYNAMIC_NO_PIC = NO;
				GCC_NO_COMMON_BLOCKS = YES;
				GCC_OPTIMIZATION_LEVEL = 0;
				GCC_PREPROCESSOR_DEFINITIONS = (
					"DEBUG=1",
					"$(inherited)",
				);
				GCC_WARN_64_TO_32_BIT_CONVERSION = YES;
				GCC_WARN_ABOUT_RETURN_TYPE = YES_ERROR;
				GCC_WARN_UNDECLARED_SELECTOR = YES;
				GCC_WARN_UNINITIALIZED_AUTOS = YES_AGGRESSIVE;
				GCC_WARN_UNUSED_FUNCTION = YES;
				GCC_WARN_UNUSED_VARIABLE = YES;
				IPHONEOS_DEPLOYMENT_TARGET = 15.0;
				MTL_ENABLE_DEBUG_INFO = INCLUDE_SOURCE;
				MTL_FAST_MATH = YES;
				ONLY_ACTIVE_ARCH = YES;
				SDKROOT = iphoneos;
				SWIFT_ACTIVE_COMPILATION_CONDITIONS = DEBUG;
				SWIFT_OPTIMIZATION_LEVEL = "-Onone";
			};
			name = Debug;
		};
		3F189B2A272E03B300286214 /* Release */ = {
			isa = XCBuildConfiguration;
			buildSettings = {
				ALWAYS_SEARCH_USER_PATHS = NO;
				CLANG_ANALYZER_NONNULL = YES;
				CLANG_ANALYZER_NUMBER_OBJECT_CONVERSION = YES_AGGRESSIVE;
				CLANG_CXX_LANGUAGE_STANDARD = "gnu++17";
				CLANG_CXX_LIBRARY = "libc++";
				CLANG_ENABLE_MODULES = YES;
				CLANG_ENABLE_OBJC_ARC = YES;
				CLANG_ENABLE_OBJC_WEAK = YES;
				CLANG_WARN_BLOCK_CAPTURE_AUTORELEASING = YES;
				CLANG_WARN_BOOL_CONVERSION = YES;
				CLANG_WARN_COMMA = YES;
				CLANG_WARN_CONSTANT_CONVERSION = YES;
				CLANG_WARN_DEPRECATED_OBJC_IMPLEMENTATIONS = YES;
				CLANG_WARN_DIRECT_OBJC_ISA_USAGE = YES_ERROR;
				CLANG_WARN_DOCUMENTATION_COMMENTS = YES;
				CLANG_WARN_EMPTY_BODY = YES;
				CLANG_WARN_ENUM_CONVERSION = YES;
				CLANG_WARN_INFINITE_RECURSION = YES;
				CLANG_WARN_INT_CONVERSION = YES;
				CLANG_WARN_NON_LITERAL_NULL_CONVERSION = YES;
				CLANG_WARN_OBJC_IMPLICIT_RETAIN_SELF = YES;
				CLANG_WARN_OBJC_LITERAL_CONVERSION = YES;
				CLANG_WARN_OBJC_ROOT_CLASS = YES_ERROR;
				CLANG_WARN_QUOTED_INCLUDE_IN_FRAMEWORK_HEADER = YES;
				CLANG_WARN_RANGE_LOOP_ANALYSIS = YES;
				CLANG_WARN_STRICT_PROTOTYPES = YES;
				CLANG_WARN_SUSPICIOUS_MOVE = YES;
				CLANG_WARN_UNGUARDED_AVAILABILITY = YES_AGGRESSIVE;
				CLANG_WARN_UNREACHABLE_CODE = YES;
				CLANG_WARN__DUPLICATE_METHOD_MATCH = YES;
				COPY_PHASE_STRIP = NO;
				DEBUG_INFORMATION_FORMAT = "dwarf-with-dsym";
				ENABLE_NS_ASSERTIONS = NO;
				ENABLE_STRICT_OBJC_MSGSEND = YES;
				GCC_C_LANGUAGE_STANDARD = gnu11;
				GCC_NO_COMMON_BLOCKS = YES;
				GCC_WARN_64_TO_32_BIT_CONVERSION = YES;
				GCC_WARN_ABOUT_RETURN_TYPE = YES_ERROR;
				GCC_WARN_UNDECLARED_SELECTOR = YES;
				GCC_WARN_UNINITIALIZED_AUTOS = YES_AGGRESSIVE;
				GCC_WARN_UNUSED_FUNCTION = YES;
				GCC_WARN_UNUSED_VARIABLE = YES;
				IPHONEOS_DEPLOYMENT_TARGET = 15.0;
				MTL_ENABLE_DEBUG_INFO = NO;
				MTL_FAST_MATH = YES;
				SDKROOT = iphoneos;
				SWIFT_COMPILATION_MODE = wholemodule;
				SWIFT_OPTIMIZATION_LEVEL = "-O";
				VALIDATE_PRODUCT = YES;
			};
			name = Release;
		};
		3F189B2C272E03B300286214 /* Debug */ = {
			isa = XCBuildConfiguration;
			buildSettings = {
				ASSETCATALOG_COMPILER_APPICON_NAME = AppIcon;
				ASSETCATALOG_COMPILER_GLOBAL_ACCENT_COLOR_NAME = AccentColor;
				ASSETCATALOG_COMPILER_INCLUDE_ALL_APPICON_ASSETS = NO;
				CODE_SIGN_STYLE = Automatic;
				CURRENT_PROJECT_VERSION = 1;
				DEVELOPMENT_ASSET_PATHS = "\"Test/Preview Content\"";
				DEVELOPMENT_TEAM = Z72U6D5R28;
				ENABLE_PREVIEWS = YES;
				GENERATE_INFOPLIST_FILE = YES;
				INFOPLIST_FILE = Test/Info.plist;
				INFOPLIST_KEY_CFBundleDisplayName = "Weather: Lite";
				INFOPLIST_KEY_NSLocationWhenInUseUsageDescription = "Your location is needed to provide the weather for your area.";
				INFOPLIST_KEY_UIApplicationSupportsIndirectInputEvents = YES;
				INFOPLIST_KEY_UILaunchScreen_Generation = YES;
				INFOPLIST_KEY_UISupportedInterfaceOrientations = UIInterfaceOrientationPortrait;
				INFOPLIST_KEY_UISupportedInterfaceOrientations_iPad = "UIInterfaceOrientationPortrait UIInterfaceOrientationPortraitUpsideDown UIInterfaceOrientationLandscapeLeft UIInterfaceOrientationLandscapeRight";
				INFOPLIST_KEY_UISupportedInterfaceOrientations_iPhone = UIInterfaceOrientationPortrait;
				IPHONEOS_DEPLOYMENT_TARGET = 15.0;
				LD_RUNPATH_SEARCH_PATHS = (
					"$(inherited)",
					"@executable_path/Frameworks",
				);
				MARKETING_VERSION = 1.0;
				PRODUCT_BUNDLE_IDENTIFIER = jdh314.Test;
				PRODUCT_NAME = "$(TARGET_NAME)";
				SWIFT_EMIT_LOC_STRINGS = YES;
				SWIFT_VERSION = 5.0;
				TARGETED_DEVICE_FAMILY = 1;
			};
			name = Debug;
		};
		3F189B2D272E03B300286214 /* Release */ = {
			isa = XCBuildConfiguration;
			buildSettings = {
				ASSETCATALOG_COMPILER_APPICON_NAME = AppIcon;
				ASSETCATALOG_COMPILER_GLOBAL_ACCENT_COLOR_NAME = AccentColor;
				ASSETCATALOG_COMPILER_INCLUDE_ALL_APPICON_ASSETS = NO;
				CODE_SIGN_STYLE = Automatic;
				CURRENT_PROJECT_VERSION = 1;
				DEVELOPMENT_ASSET_PATHS = "\"Test/Preview Content\"";
				DEVELOPMENT_TEAM = Z72U6D5R28;
				ENABLE_PREVIEWS = YES;
				GENERATE_INFOPLIST_FILE = YES;
				INFOPLIST_FILE = Test/Info.plist;
				INFOPLIST_KEY_CFBundleDisplayName = "Weather: Lite";
				INFOPLIST_KEY_NSLocationWhenInUseUsageDescription = "Your location is needed to provide the weather for your area.";
				INFOPLIST_KEY_UIApplicationSupportsIndirectInputEvents = YES;
				INFOPLIST_KEY_UILaunchScreen_Generation = YES;
				INFOPLIST_KEY_UISupportedInterfaceOrientations = UIInterfaceOrientationPortrait;
				INFOPLIST_KEY_UISupportedInterfaceOrientations_iPad = "UIInterfaceOrientationPortrait UIInterfaceOrientationPortraitUpsideDown UIInterfaceOrientationLandscapeLeft UIInterfaceOrientationLandscapeRight";
				INFOPLIST_KEY_UISupportedInterfaceOrientations_iPhone = UIInterfaceOrientationPortrait;
				IPHONEOS_DEPLOYMENT_TARGET = 15.0;
				LD_RUNPATH_SEARCH_PATHS = (
					"$(inherited)",
					"@executable_path/Frameworks",
				);
				MARKETING_VERSION = 1.0;
				PRODUCT_BUNDLE_IDENTIFIER = jdh314.Test;
				PRODUCT_NAME = "$(TARGET_NAME)";
				SWIFT_EMIT_LOC_STRINGS = YES;
				SWIFT_VERSION = 5.0;
				TARGETED_DEVICE_FAMILY = 1;
			};
			name = Release;
		};
/* End XCBuildConfiguration section */

/* Begin XCConfigurationList section */
		3F189B18272E03AF00286214 /* Build configuration list for PBXProject "Test" */ = {
			isa = XCConfigurationList;
			buildConfigurations = (
				3F189B29272E03B300286214 /* Debug */,
				3F189B2A272E03B300286214 /* Release */,
			);
			defaultConfigurationIsVisible = 0;
			defaultConfigurationName = Release;
		};
		3F189B2B272E03B300286214 /* Build configuration list for PBXNativeTarget "Test" */ = {
			isa = XCConfigurationList;
			buildConfigurations = (
				3F189B2C272E03B300286214 /* Debug */,
				3F189B2D272E03B300286214 /* Release */,
			);
			defaultConfigurationIsVisible = 0;
			defaultConfigurationName = Release;
		};
/* End XCConfigurationList section */
	};
	rootObject = 3F189B15272E03AF00286214 /* Project object */;
}
